
Microsoft Visual Studio Solution File, Format Version 12.00
# Visual Studio Version 16
VisualStudioVersion = 16.0.29306.81
MinimumVisualStudioVersion = 10.0.40219.1
Project("{9A19103F-16F7-4668-BE54-9A1E7A4F7556}") = "EjerciciosObjetos", "EjerciciosObjetos\EjerciciosObjetos.csproj", "{414B1428-8441-4E14-A679-9713BFF79973}"
EndProject
Project("{9A19103F-16F7-4668-BE54-9A1E7A4F7556}") = "Ejercicio1", "Ejercicio1\Ejercicio1.csproj", "{A11430F8-1897-4FFF-99A7-AF9DF1C1BF4A}"
EndProject
Project("{9A19103F-16F7-4668-BE54-9A1E7A4F7556}") = "Ejercicio2", "Ejercicio2\Ejercicio2.csproj", "{4ECCBCC6-9C84-49F5-A862-89947EAA54BA}"
EndProject
Project("{9A19103F-16F7-4668-BE54-9A1E7A4F7556}") = "Ejercicio3", "Ejercicio3\Ejercicio3.csproj", "{81490A20-FB46-4FC1-940E-5F29DB5E396B}"
EndProject
Project("{FAE04EC0-301F-11D3-BF4B-00C04F79EFBC}") = "Ejercicio4", "Ejercicio4\Ejercicio4.csproj", "{5C66E2BB-6568-456E-94DE-4BBE7578408C}"
EndProject
Global
	GlobalSection(SolutionConfigurationPlatforms) = preSolution
		Debug|Any CPU = Debug|Any CPU
		Release|Any CPU = Release|Any CPU
	EndGlobalSection
	GlobalSection(ProjectConfigurationPlatforms) = postSolution
		{414B1428-8441-4E14-A679-9713BFF79973}.Debug|Any CPU.ActiveCfg = Debug|Any CPU
		{414B1428-8441-4E14-A679-9713BFF79973}.Debug|Any CPU.Build.0 = Debug|Any CPU
		{414B1428-8441-4E14-A679-9713BFF79973}.Release|Any CPU.ActiveCfg = Release|Any CPU
		{414B1428-8441-4E14-A679-9713BFF79973}.Release|Any CPU.Build.0 = Release|Any CPU
		{A11430F8-1897-4FFF-99A7-AF9DF1C1BF4A}.Debug|Any CPU.ActiveCfg = Debug|Any CPU
		{A11430F8-1897-4FFF-99A7-AF9DF1C1BF4A}.Debug|Any CPU.Build.0 = Debug|Any CPU
		{A11430F8-1897-4FFF-99A7-AF9DF1C1BF4A}.Release|Any CPU.ActiveCfg = Release|Any CPU
		{A11430F8-1897-4FFF-99A7-AF9DF1C1BF4A}.Release|Any CPU.Build.0 = Release|Any CPU
		{4ECCBCC6-9C84-49F5-A862-89947EAA54BA}.Debug|Any CPU.ActiveCfg = Debug|Any CPU
		{4ECCBCC6-9C84-49F5-A862-89947EAA54BA}.Debug|Any CPU.Build.0 = Debug|Any CPU
		{4ECCBCC6-9C84-49F5-A862-89947EAA54BA}.Release|Any CPU.ActiveCfg = Release|Any CPU
		{4ECCBCC6-9C84-49F5-A862-89947EAA54BA}.Release|Any CPU.Build.0 = Release|Any CPU
		{81490A20-FB46-4FC1-940E-5F29DB5E396B}.Debug|Any CPU.ActiveCfg = Debug|Any CPU
		{81490A20-FB46-4FC1-940E-5F29DB5E396B}.Debug|Any CPU.Build.0 = Debug|Any CPU
		{81490A20-FB46-4FC1-940E-5F29DB5E396B}.Release|Any CPU.ActiveCfg = Release|Any CPU
		{81490A20-FB46-4FC1-940E-5F29DB5E396B}.Release|Any CPU.Build.0 = Release|Any CPU
		{5C66E2BB-6568-456E-94DE-4BBE7578408C}.Debug|Any CPU.ActiveCfg = Debug|Any CPU
		{5C66E2BB-6568-456E-94DE-4BBE7578408C}.Debug|Any CPU.Build.0 = Debug|Any CPU
		{5C66E2BB-6568-456E-94DE-4BBE7578408C}.Release|Any CPU.ActiveCfg = Release|Any CPU
		{5C66E2BB-6568-456E-94DE-4BBE7578408C}.Release|Any CPU.Build.0 = Release|Any CPU
	EndGlobalSection
	GlobalSection(SolutionProperties) = preSolution
		HideSolutionNode = FALSE
	EndGlobalSection
	GlobalSection(ExtensibilityGlobals) = postSolution
		SolutionGuid = {BEB60093-A71E-4525-ADEB-1C9614A99D24}
	EndGlobalSection
EndGlobal
